
Microsoft Visual Studio Solution File, Format Version 12.00
# Visual Studio Version 17
VisualStudioVersion = 17.13.35913.81 d17.13
MinimumVisualStudioVersion = 10.0.40219.1
Project("{FAE04EC0-301F-11D3-BF4B-00C04F79EFBC}") = "LoggingService", "LoggingService\LoggingService.csproj", "{FC1BB0FB-A2B3-413B-8758-18A102D6101A}"
EndProject
Project("{FAE04EC0-301F-11D3-BF4B-00C04F79EFBC}") = "LoggingService.Logic", "LoggingService.Logic\LoggingService.Logic.csproj", "{7C36471B-4F0E-4280-BC63-7D84CC3168EB}"
EndProject
Project("{FAE04EC0-301F-11D3-BF4B-00C04F79EFBC}") = "LoggingService.Tests", "LoggingService.Tests\LoggingService.Tests.csproj", "{A625113D-6793-47B1-AC6B-66280CEC1A50}"
EndProject
Global
	GlobalSection(SolutionConfigurationPlatforms) = preSolution
		Debug|Any CPU = Debug|Any CPU
		Release|Any CPU = Release|Any CPU
	EndGlobalSection
	GlobalSection(ProjectConfigurationPlatforms) = postSolution
		{FC1BB0FB-A2B3-413B-8758-18A102D6101A}.Debug|Any CPU.ActiveCfg = Debug|Any CPU
		{FC1BB0FB-A2B3-413B-8758-18A102D6101A}.Debug|Any CPU.Build.0 = Debug|Any CPU
		{FC1BB0FB-A2B3-413B-8758-18A102D6101A}.Release|Any CPU.ActiveCfg = Release|Any CPU
		{FC1BB0FB-A2B3-413B-8758-18A102D6101A}.Release|Any CPU.Build.0 = Release|Any CPU
		{7C36471B-4F0E-4280-BC63-7D84CC3168EB}.Debug|Any CPU.ActiveCfg = Debug|Any CPU
		{7C36471B-4F0E-4280-BC63-7D84CC3168EB}.Debug|Any CPU.Build.0 = Debug|Any CPU
		{7C36471B-4F0E-4280-BC63-7D84CC3168EB}.Release|Any CPU.ActiveCfg = Release|Any CPU
		{7C36471B-4F0E-4280-BC63-7D84CC3168EB}.Release|Any CPU.Build.0 = Release|Any CPU
		{A625113D-6793-47B1-AC6B-66280CEC1A50}.Debug|Any CPU.ActiveCfg = Debug|Any CPU
		{A625113D-6793-47B1-AC6B-66280CEC1A50}.Debug|Any CPU.Build.0 = Debug|Any CPU
		{A625113D-6793-47B1-AC6B-66280CEC1A50}.Release|Any CPU.ActiveCfg = Release|Any CPU
		{A625113D-6793-47B1-AC6B-66280CEC1A50}.Release|Any CPU.Build.0 = Release|Any CPU
	EndGlobalSection
	GlobalSection(SolutionProperties) = preSolution
		HideSolutionNode = FALSE
	EndGlobalSection
	GlobalSection(ExtensibilityGlobals) = postSolution
		SolutionGuid = {E32A04B7-2BB6-4C0F-8C1C-3488A7042B2C}
	EndGlobalSection
EndGlobal
